<?xml version="1.0" encoding="utf-8"?>
<Project ToolsVersion="4.0" xmlns="http://schemas.microsoft.com/developer/msbuild/2003">
  <ItemGroup>
    <ClCompile Include="AttackingMobState.cpp">
      <Filter>Source Files</Filter>
    </ClCompile>
    <ClCompile Include="AttackingPlayerState.cpp">
      <Filter>Source Files</Filter>
    </ClCompile>
    <ClCompile Include="CollisionLayer.cpp">
      <Filter>Source Files</Filter>
    </ClCompile>
    <ClCompile Include="CustomContactListener.cpp">
      <Filter>Source Files</Filter>
    </ClCompile>
    <ClCompile Include="DeadMobState.cpp">
      <Filter>Source Files</Filter>
    </ClCompile>
    <ClCompile Include="Entity.cpp">
      <Filter>Source Files</Filter>
    </ClCompile>
    <ClCompile Include="EntityModel.cpp">
      <Filter>Source Files</Filter>
    </ClCompile>
    <ClCompile Include="Game.cpp">
      <Filter>Source Files</Filter>
    </ClCompile>
    <ClCompile Include="HitMobState.cpp">
      <Filter>Source Files</Filter>
    </ClCompile>
    <ClCompile Include="JumpingPlayerState.cpp">
      <Filter>Source Files</Filter>
    </ClCompile>
    <ClCompile Include="LivingEntity.cpp">
      <Filter>Source Files</Filter>
    </ClCompile>
    <ClCompile Include="Map.cpp">
      <Filter>Source Files</Filter>
    </ClCompile>
    <ClCompile Include="MicroProjet.cpp">
      <Filter>Source Files</Filter>
    </ClCompile>
    <ClCompile Include="Mob.cpp">
      <Filter>Source Files</Filter>
    </ClCompile>
    <ClCompile Include="MobFireElemental.cpp">
      <Filter>Source Files</Filter>
    </ClCompile>
    <ClCompile Include="MobSlime.cpp">
      <Filter>Source Files</Filter>
    </ClCompile>
    <ClCompile Include="ObjectLayer.cpp">
      <Filter>Source Files</Filter>
    </ClCompile>
    <ClCompile Include="pch.cpp">
      <Filter>Source Files</Filter>
    </ClCompile>
    <ClCompile Include="Player.cpp">
      <Filter>Source Files</Filter>
    </ClCompile>
    <ClCompile Include="PlayerState.cpp">
      <Filter>Source Files</Filter>
    </ClCompile>
    <ClCompile Include="Projectile.cpp">
      <Filter>Source Files</Filter>
    </ClCompile>
    <ClCompile Include="RunningPlayerState.cpp">
      <Filter>Source Files</Filter>
    </ClCompile>
    <ClCompile Include="SleepingMobState.cpp">
      <Filter>Source Files</Filter>
    </ClCompile>
    <ClCompile Include="StandingPlayerState.cpp">
      <Filter>Source Files</Filter>
    </ClCompile>
    <ClCompile Include="MobState.cpp">
      <Filter>Source Files</Filter>
    </ClCompile>
    <ClCompile Include="DistanceMob.cpp">
      <Filter>Source Files</Filter>
    </ClCompile>
    <ClCompile Include="ContactMob.cpp">
      <Filter>Source Files</Filter>
    </ClCompile>
    <ClCompile Include="BlockingPlayerState.cpp">
      <Filter>Source Files</Filter>
    </ClCompile>
    <ClCompile Include="SeekingMobState.cpp">
      <Filter>Source Files</Filter>
    </ClCompile>
    <ClCompile Include="ActivationLayer.cpp">
      <Filter>Source Files</Filter>
    </ClCompile>
    <ClCompile Include="HitPlayerState.cpp" />
    <ClCompile Include="DeadPlayerState.cpp" />
  </ItemGroup>
  <ItemGroup>
    <ClInclude Include="AttackingMobState.h">
      <Filter>Header Files</Filter>
    </ClInclude>
    <ClInclude Include="AttackingPlayerState.h">
      <Filter>Header Files</Filter>
    </ClInclude>
    <ClInclude Include="CollisionLayer.h">
      <Filter>Header Files</Filter>
    </ClInclude>
    <ClInclude Include="CustomContactListener.h">
      <Filter>Header Files</Filter>
    </ClInclude>
    <ClInclude Include="DeadMobState.h">
      <Filter>Header Files</Filter>
    </ClInclude>
    <ClInclude Include="Entity.h">
      <Filter>Header Files</Filter>
    </ClInclude>
    <ClInclude Include="EntityModel.h">
      <Filter>Header Files</Filter>
    </ClInclude>
    <ClInclude Include="Game.h">
      <Filter>Header Files</Filter>
    </ClInclude>
    <ClInclude Include="HitMobState.h">
      <Filter>Header Files</Filter>
    </ClInclude>
    <ClInclude Include="JumpingPlayerState.h">
      <Filter>Header Files</Filter>
    </ClInclude>
    <ClInclude Include="LivingEntity.h">
      <Filter>Header Files</Filter>
    </ClInclude>
    <ClInclude Include="Map.h">
      <Filter>Header Files</Filter>
    </ClInclude>
    <ClInclude Include="Mob.h">
      <Filter>Header Files</Filter>
    </ClInclude>
    <ClInclude Include="MobFireElemental.h">
      <Filter>Header Files</Filter>
    </ClInclude>
    <ClInclude Include="MobSlime.h">
      <Filter>Header Files</Filter>
    </ClInclude>
    <ClInclude Include="StandingPlayerState.h">
      <Filter>Header Files</Filter>
    </ClInclude>
    <ClInclude Include="MobState.h">
      <Filter>Header Files</Filter>
    </ClInclude>
    <ClInclude Include="ObjectLayer.h">
      <Filter>Header Files</Filter>
    </ClInclude>
    <ClInclude Include="pch.h">
      <Filter>Header Files</Filter>
    </ClInclude>
    <ClInclude Include="Player.h">
      <Filter>Header Files</Filter>
    </ClInclude>
    <ClInclude Include="PlayerState.h">
      <Filter>Header Files</Filter>
    </ClInclude>
    <ClInclude Include="Projectile.h">
      <Filter>Header Files</Filter>
    </ClInclude>
    <ClInclude Include="RunningPlayerState.h">
      <Filter>Header Files</Filter>
    </ClInclude>
    <ClInclude Include="SFMLOrthogonalLayer.hpp">
      <Filter>Header Files</Filter>
    </ClInclude>
    <ClInclude Include="SleepingMobState.h">
      <Filter>Header Files</Filter>
    </ClInclude>
    <ClInclude Include="DistanceMob.h">
      <Filter>Header Files</Filter>
    </ClInclude>
    <ClInclude Include="ContactMob.h">
      <Filter>Header Files</Filter>
    </ClInclude>
    <ClInclude Include="BlockingPlayerState.h">
      <Filter>Header Files</Filter>
    </ClInclude>
    <ClInclude Include="SeekingMobState.h">
      <Filter>Header Files</Filter>
    </ClInclude>
    <ClInclude Include="ActivationLayer.h">
      <Filter>Header Files</Filter>
    </ClInclude>
    <ClInclude Include="HitPlayerState.h" />
    <ClInclude Include="DeadPlayerState.h" />
  </ItemGroup>
  <ItemGroup>
    <Filter Include="resources">
      <UniqueIdentifier>{9eb5c9d9-cef0-4fb8-ab26-193693368e0f}</UniqueIdentifier>
    </Filter>
    <Filter Include="Header Files">
      <UniqueIdentifier>{e890b430-4dd0-4941-aa13-879b9967f2ea}</UniqueIdentifier>
    </Filter>
    <Filter Include="Source Files">
      <UniqueIdentifier>{b9b7b4cd-b288-455f-8e51-b3574c0cf626}</UniqueIdentifier>
    </Filter>
  </ItemGroup>
  <ItemGroup>
    <None Include="maps\mapTest.tmx">
      <Filter>resources</Filter>
    </None>
  </ItemGroup>
</Project>